// !$*UTF8*$!
{
	archiveVersion = 1;
	classes = {
	};
	objectVersion = 56;
	objects = {

/* Begin PBXBuildFile section */
		FA934C9929A5752600FC881D /* AppDelegate.swift in Sources */ = {isa = PBXBuildFile; fileRef = FA934C9829A5752600FC881D /* AppDelegate.swift */; };
		FA934C9B29A5752600FC881D /* SceneDelegate.swift in Sources */ = {isa = PBXBuildFile; fileRef = FA934C9A29A5752600FC881D /* SceneDelegate.swift */; };
		FA934C9D29A5752600FC881D /* ViewController.swift in Sources */ = {isa = PBXBuildFile; fileRef = FA934C9C29A5752600FC881D /* ViewController.swift */; };
		FA934CA029A5752600FC881D /* Main.storyboard in Resources */ = {isa = PBXBuildFile; fileRef = FA934C9E29A5752600FC881D /* Main.storyboard */; };
		FA934CA329A5752600FC881D /* VideoProGitHub2.xcdatamodeld in Sources */ = {isa = PBXBuildFile; fileRef = FA934CA129A5752600FC881D /* VideoProGitHub2.xcdatamodeld */; };
		FA934CA529A5752700FC881D /* Assets.xcassets in Resources */ = {isa = PBXBuildFile; fileRef = FA934CA429A5752700FC881D /* Assets.xcassets */; };
		FA934CA829A5752700FC881D /* LaunchScreen.storyboard in Resources */ = {isa = PBXBuildFile; fileRef = FA934CA629A5752700FC881D /* LaunchScreen.storyboard */; };
		FA934CB329A5752700FC881D /* VideoProGitHub2Tests.swift in Sources */ = {isa = PBXBuildFile; fileRef = FA934CB229A5752700FC881D /* VideoProGitHub2Tests.swift */; };
		FA934CBD29A5752700FC881D /* VideoProGitHub2UITests.swift in Sources */ = {isa = PBXBuildFile; fileRef = FA934CBC29A5752700FC881D /* VideoProGitHub2UITests.swift */; };
		FA934CBF29A5752700FC881D /* VideoProGitHub2UITestsLaunchTests.swift in Sources */ = {isa = PBXBuildFile; fileRef = FA934CBE29A5752700FC881D /* VideoProGitHub2UITestsLaunchTests.swift */; };
		FA934CCD29A578AE00FC881D /* 1.png in Resources */ = {isa = PBXBuildFile; fileRef = FA934CCC29A578AD00FC881D /* 1.png */; };
		FA934CD129A5825D00FC881D /* 2.png in Resources */ = {isa = PBXBuildFile; fileRef = FA934CD029A5825D00FC881D /* 2.png */; };
/* End PBXBuildFile section */

/* Begin PBXContainerItemProxy section */
		FA934CAF29A5752700FC881D /* PBXContainerItemProxy */ = {
			isa = PBXContainerItemProxy;
			containerPortal = FA934C8D29A5752500FC881D /* Project object */;
			proxyType = 1;
			remoteGlobalIDString = FA934C9429A5752600FC881D;
			remoteInfo = VideoProGitHub2;
		};
		FA934CB929A5752700FC881D /* PBXContainerItemProxy */ = {
			isa = PBXContainerItemProxy;
			containerPortal = FA934C8D29A5752500FC881D /* Project object */;
			proxyType = 1;
			remoteGlobalIDString = FA934C9429A5752600FC881D;
			remoteInfo = VideoProGitHub2;
		};
/* End PBXContainerItemProxy section */

/* Begin PBXFileReference section */
		FA934C9529A5752600FC881D /* VideoProGitHub2.app */ = {isa = PBXFileReference; explicitFileType = wrapper.application; includeInIndex = 0; path = VideoProGitHub2.app; sourceTree = BUILT_PRODUCTS_DIR; };
		FA934C9829A5752600FC881D /* AppDelegate.swift */ = {isa = PBXFileReference; lastKnownFileType = sourcecode.swift; path = AppDelegate.swift; sourceTree = "<group>"; };
		FA934C9A29A5752600FC881D /* SceneDelegate.swift */ = {isa = PBXFileReference; lastKnownFileType = sourcecode.swift; path = SceneDelegate.swift; sourceTree = "<group>"; };
		FA934C9C29A5752600FC881D /* ViewController.swift */ = {isa = PBXFileReference; lastKnownFileType = sourcecode.swift; path = ViewController.swift; sourceTree = "<group>"; };
		FA934C9F29A5752600FC881D /* Base */ = {isa = PBXFileReference; lastKnownFileType = file.storyboard; name = Base; path = Base.lproj/Main.storyboard; sourceTree = "<group>"; };
		FA934CA229A5752600FC881D /* VideoProGitHub2.xcdatamodel */ = {isa = PBXFileReference; lastKnownFileType = wrapper.xcdatamodel; path = VideoProGitHub2.xcdatamodel; sourceTree = "<group>"; };
		FA934CA429A5752700FC881D /* Assets.xcassets */ = {isa = PBXFileReference; lastKnownFileType = folder.assetcatalog; path = Assets.xcassets; sourceTree = "<group>"; };
		FA934CA729A5752700FC881D /* Base */ = {isa = PBXFileReference; lastKnownFileType = file.storyboard; name = Base; path = Base.lproj/LaunchScreen.storyboard; sourceTree = "<group>"; };
		FA934CA929A5752700FC881D /* Info.plist */ = {isa = PBXFileReference; lastKnownFileType = text.plist.xml; path = Info.plist; sourceTree = "<group>"; };
		FA934CAE29A5752700FC881D /* VideoProGitHub2Tests.xctest */ = {isa = PBXFileReference; explicitFileType = wrapper.cfbundle; includeInIndex = 0; path = VideoProGitHub2Tests.xctest; sourceTree = BUILT_PRODUCTS_DIR; };
		FA934CB229A5752700FC881D /* VideoProGitHub2Tests.swift */ = {isa = PBXFileReference; lastKnownFileType = sourcecode.swift; path = VideoProGitHub2Tests.swift; sourceTree = "<group>"; };
		FA934CB829A5752700FC881D /* VideoProGitHub2UITests.xctest */ = {isa = PBXFileReference; explicitFileType = wrapper.cfbundle; includeInIndex = 0; path = VideoProGitHub2UITests.xctest; sourceTree = BUILT_PRODUCTS_DIR; };
		FA934CBC29A5752700FC881D /* VideoProGitHub2UITests.swift */ = {isa = PBXFileReference; lastKnownFileType = sourcecode.swift; path = VideoProGitHub2UITests.swift; sourceTree = "<group>"; };
		FA934CBE29A5752700FC881D /* VideoProGitHub2UITestsLaunchTests.swift */ = {isa = PBXFileReference; lastKnownFileType = sourcecode.swift; path = VideoProGitHub2UITestsLaunchTests.swift; sourceTree = "<group>"; };
		FA934CCC29A578AD00FC881D /* 1.png */ = {isa = PBXFileReference; lastKnownFileType = image.png; name = 1.png; path = ../../../1.png; sourceTree = "<group>"; };
		FA934CCF29A5812200FC881D /* README.md */ = {isa = PBXFileReference; lastKnownFileType = net.daringfireball.markdown; path = README.md; sourceTree = "<group>"; };
		FA934CD029A5825D00FC881D /* 2.png */ = {isa = PBXFileReference; lastKnownFileType = image.png; name = 2.png; path = ../../../2.png; sourceTree = "<group>"; };
/* End PBXFileReference section */

/* Begin PBXFrameworksBuildPhase section */
		FA934C9229A5752600FC881D /* Frameworks */ = {
			isa = PBXFrameworksBuildPhase;
			buildActionMask = 2147483647;
			files = (
			);
			runOnlyForDeploymentPostprocessing = 0;
		};
		FA934CAB29A5752700FC881D /* Frameworks */ = {
			isa = PBXFrameworksBuildPhase;
			buildActionMask = 2147483647;
			files = (
			);
			runOnlyForDeploymentPostprocessing = 0;
		};
		FA934CB529A5752700FC881D /* Frameworks */ = {
			isa = PBXFrameworksBuildPhase;
			buildActionMask = 2147483647;
			files = (
			);
			runOnlyForDeploymentPostprocessing = 0;
		};
/* End PBXFrameworksBuildPhase section */

/* Begin PBXGroup section */
		FA934C8C29A5752500FC881D = {
			isa = PBXGroup;
			children = (
				FA934CCF29A5812200FC881D /* README.md */,
				FA934CCB29A575F300FC881D /* img */,
				FA934C9729A5752600FC881D /* VideoProGitHub2 */,
				FA934CB129A5752700FC881D /* VideoProGitHub2Tests */,
				FA934CBB29A5752700FC881D /* VideoProGitHub2UITests */,
				FA934C9629A5752600FC881D /* Products */,
			);
			sourceTree = "<group>";
		};
		FA934C9629A5752600FC881D /* Products */ = {
			isa = PBXGroup;
			children = (
				FA934C9529A5752600FC881D /* VideoProGitHub2.app */,
				FA934CAE29A5752700FC881D /* VideoProGitHub2Tests.xctest */,
				FA934CB829A5752700FC881D /* VideoProGitHub2UITests.xctest */,
			);
			name = Products;
			sourceTree = "<group>";
		};
		FA934C9729A5752600FC881D /* VideoProGitHub2 */ = {
			isa = PBXGroup;
			children = (
				FA934CCB29A575F300FC881D /* img */,
				FA934C9829A5752600FC881D /* AppDelegate.swift */,
				FA934C9A29A5752600FC881D /* SceneDelegate.swift */,
				FA934C9C29A5752600FC881D /* ViewController.swift */,
				FA934C9E29A5752600FC881D /* Main.storyboard */,
				FA934CA429A5752700FC881D /* Assets.xcassets */,
				FA934CA629A5752700FC881D /* LaunchScreen.storyboard */,
				FA934CA929A5752700FC881D /* Info.plist */,
				FA934CA129A5752600FC881D /* VideoProGitHub2.xcdatamodeld */,
			);
			path = VideoProGitHub2;
			sourceTree = "<group>";
		};
		FA934CB129A5752700FC881D /* VideoProGitHub2Tests */ = {
			isa = PBXGroup;
			children = (
				FA934CB229A5752700FC881D /* VideoProGitHub2Tests.swift */,
			);
			path = VideoProGitHub2Tests;
			sourceTree = "<group>";
		};
		FA934CBB29A5752700FC881D /* VideoProGitHub2UITests */ = {
			isa = PBXGroup;
			children = (
				FA934CBC29A5752700FC881D /* VideoProGitHub2UITests.swift */,
				FA934CBE29A5752700FC881D /* VideoProGitHub2UITestsLaunchTests.swift */,
			);
			path = VideoProGitHub2UITests;
			sourceTree = "<group>";
		};
		FA934CCB29A575F300FC881D /* img */ = {
			isa = PBXGroup;
			children = (
				FA934CD029A5825D00FC881D /* 2.png */,
				FA934CCC29A578AD00FC881D /* 1.png */,
			);
			path = img;
			sourceTree = "<group>";
		};
/* End PBXGroup section */

/* Begin PBXNativeTarget section */
		FA934C9429A5752600FC881D /* VideoProGitHub2 */ = {
			isa = PBXNativeTarget;
			buildConfigurationList = FA934CC229A5752700FC881D /* Build configuration list for PBXNativeTarget "VideoProGitHub2" */;
			buildPhases = (
				FA934C9129A5752600FC881D /* Sources */,
				FA934C9229A5752600FC881D /* Frameworks */,
				FA934C9329A5752600FC881D /* Resources */,
			);
			buildRules = (
			);
			dependencies = (
			);
			name = VideoProGitHub2;
			productName = VideoProGitHub2;
			productReference = FA934C9529A5752600FC881D /* VideoProGitHub2.app */;
			productType = "com.apple.product-type.application";
		};
		FA934CAD29A5752700FC881D /* VideoProGitHub2Tests */ = {
			isa = PBXNativeTarget;
			buildConfigurationList = FA934CC529A5752700FC881D /* Build configuration list for PBXNativeTarget "VideoProGitHub2Tests" */;
			buildPhases = (
				FA934CAA29A5752700FC881D /* Sources */,
				FA934CAB29A5752700FC881D /* Frameworks */,
				FA934CAC29A5752700FC881D /* Resources */,
			);
			buildRules = (
			);
			dependencies = (
				FA934CB029A5752700FC881D /* PBXTargetDependency */,
			);
			name = VideoProGitHub2Tests;
			productName = VideoProGitHub2Tests;
			productReference = FA934CAE29A5752700FC881D /* VideoProGitHub2Tests.xctest */;
			productType = "com.apple.product-type.bundle.unit-test";
		};
		FA934CB729A5752700FC881D /* VideoProGitHub2UITests */ = {
			isa = PBXNativeTarget;
			buildConfigurationList = FA934CC829A5752700FC881D /* Build configuration list for PBXNativeTarget "VideoProGitHub2UITests" */;
			buildPhases = (
				FA934CB429A5752700FC881D /* Sources */,
				FA934CB529A5752700FC881D /* Frameworks */,
				FA934CB629A5752700FC881D /* Resources */,
			);
			buildRules = (
			);
			dependencies = (
				FA934CBA29A5752700FC881D /* PBXTargetDependency */,
			);
			name = VideoProGitHub2UITests;
			productName = VideoProGitHub2UITests;
			productReference = FA934CB829A5752700FC881D /* VideoProGitHub2UITests.xctest */;
			productType = "com.apple.product-type.bundle.ui-testing";
		};
/* End PBXNativeTarget section */

/* Begin PBXProject section */
		FA934C8D29A5752500FC881D /* Project object */ = {
			isa = PBXProject;
			attributes = {
				BuildIndependentTargetsInParallel = 1;
				LastSwiftUpdateCheck = 1400;
				LastUpgradeCheck = 1400;
				TargetAttributes = {
					FA934C9429A5752600FC881D = {
						CreatedOnToolsVersion = 14.0.1;
					};
					FA934CAD29A5752700FC881D = {
						CreatedOnToolsVersion = 14.0.1;
						TestTargetID = FA934C9429A5752600FC881D;
					};
					FA934CB729A5752700FC881D = {
						CreatedOnToolsVersion = 14.0.1;
						TestTargetID = FA934C9429A5752600FC881D;
					};
				};
			};
			buildConfigurationList = FA934C9029A5752500FC881D /* Build configuration list for PBXProject "VideoProGitHub2" */;
			compatibilityVersion = "Xcode 14.0";
			developmentRegion = en;
			hasScannedForEncodings = 0;
			knownRegions = (
				en,
				Base,
			);
			mainGroup = FA934C8C29A5752500FC881D;
			productRefGroup = FA934C9629A5752600FC881D /* Products */;
			projectDirPath = "";
			projectRoot = "";
			targets = (
				FA934C9429A5752600FC881D /* VideoProGitHub2 */,
				FA934CAD29A5752700FC881D /* VideoProGitHub2Tests */,
				FA934CB729A5752700FC881D /* VideoProGitHub2UITests */,
			);
		};
/* End PBXProject section */

/* Begin PBXResourcesBuildPhase section */
		FA934C9329A5752600FC881D /* Resources */ = {
			isa = PBXResourcesBuildPhase;
			buildActionMask = 2147483647;
			files = (
				FA934CA829A5752700FC881D /* LaunchScreen.storyboard in Resources */,
				FA934CCD29A578AE00FC881D /* 1.png in Resources */,
				FA934CD129A5825D00FC881D /* 2.png in Resources */,
				FA934CA529A5752700FC881D /* Assets.xcassets in Resources */,
				FA934CA029A5752600FC881D /* Main.storyboard in Resources */,
			);
			runOnlyForDeploymentPostprocessing = 0;
		};
		FA934CAC29A5752700FC881D /* Resources */ = {
			isa = PBXResourcesBuildPhase;
			buildActionMask = 2147483647;
			files = (
			);
			runOnlyForDeploymentPostprocessing = 0;
		};
		FA934CB629A5752700FC881D /* Resources */ = {
			isa = PBXResourcesBuildPhase;
			buildActionMask = 2147483647;
			files = (
			);
			runOnlyForDeploymentPostprocessing = 0;
		};
/* End PBXResourcesBuildPhase section */

/* Begin PBXSourcesBuildPhase section */
		FA934C9129A5752600FC881D /* Sources */ = {
			isa = PBXSourcesBuildPhase;
			buildActionMask = 2147483647;
			files = (
				FA934C9D29A5752600FC881D /* ViewController.swift in Sources */,
				FA934CA329A5752600FC881D /* VideoProGitHub2.xcdatamodeld in Sources */,
				FA934C9929A5752600FC881D /* AppDelegate.swift in Sources */,
				FA934C9B29A5752600FC881D /* SceneDelegate.swift in Sources */,
			);
			runOnlyForDeploymentPostprocessing = 0;
		};
		FA934CAA29A5752700FC881D /* Sources */ = {
			isa = PBXSourcesBuildPhase;
			buildActionMask = 2147483647;
			files = (
				FA934CB329A5752700FC881D /* VideoProGitHub2Tests.swift in Sources */,
			);
			runOnlyForDeploymentPostprocessing = 0;
		};
		FA934CB429A5752700FC881D /* Sources */ = {
			isa = PBXSourcesBuildPhase;
			buildActionMask = 2147483647;
			files = (
				FA934CBF29A5752700FC881D /* VideoProGitHub2UITestsLaunchTests.swift in Sources */,
				FA934CBD29A5752700FC881D /* VideoProGitHub2UITests.swift in Sources */,
			);
			runOnlyForDeploymentPostprocessing = 0;
		};
/* End PBXSourcesBuildPhase section */

/* Begin PBXTargetDependency section */
		FA934CB029A5752700FC881D /* PBXTargetDependency */ = {
			isa = PBXTargetDependency;
			target = FA934C9429A5752600FC881D /* VideoProGitHub2 */;
			targetProxy = FA934CAF29A5752700FC881D /* PBXContainerItemProxy */;
		};
		FA934CBA29A5752700FC881D /* PBXTargetDependency */ = {
			isa = PBXTargetDependency;
			target = FA934C9429A5752600FC881D /* VideoProGitHub2 */;
			targetProxy = FA934CB929A5752700FC881D /* PBXContainerItemProxy */;
		};
/* End PBXTargetDependency section */

/* Begin PBXVariantGroup section */
		FA934C9E29A5752600FC881D /* Main.storyboard */ = {
			isa = PBXVariantGroup;
			children = (
				FA934C9F29A5752600FC881D /* Base */,
			);
			name = Main.storyboard;
			sourceTree = "<group>";
		};
		FA934CA629A5752700FC881D /* LaunchScreen.storyboard */ = {
			isa = PBXVariantGroup;
			children = (
				FA934CA729A5752700FC881D /* Base */,
			);
			name = LaunchScreen.storyboard;
			sourceTree = "<group>";
		};
/* End PBXVariantGroup section */

/* Begin XCBuildConfiguration section */
		FA934CC029A5752700FC881D /* Debug */ = {
			isa = XCBuildConfiguration;
			buildSettings = {
				ALWAYS_SEARCH_USER_PATHS = NO;
				CLANG_ANALYZER_NONNULL = YES;
				CLANG_ANALYZER_NUMBER_OBJECT_CONVERSION = YES_AGGRESSIVE;
				CLANG_CXX_LANGUAGE_STANDARD = "gnu++20";
				CLANG_ENABLE_MODULES = YES;
				CLANG_ENABLE_OBJC_ARC = YES;
				CLANG_ENABLE_OBJC_WEAK = YES;
				CLANG_WARN_BLOCK_CAPTURE_AUTORELEASING = YES;
				CLANG_WARN_BOOL_CONVERSION = YES;
				CLANG_WARN_COMMA = YES;
				CLANG_WARN_CONSTANT_CONVERSION = YES;
				CLANG_WARN_DEPRECATED_OBJC_IMPLEMENTATIONS = YES;
				CLANG_WARN_DIRECT_OBJC_ISA_USAGE = YES_ERROR;
				CLANG_WARN_DOCUMENTATION_COMMENTS = YES;
				CLANG_WARN_EMPTY_BODY = YES;
				CLANG_WARN_ENUM_CONVERSION = YES;
				CLANG_WARN_INFINITE_RECURSION = YES;
				CLANG_WARN_INT_CONVERSION = YES;
				CLANG_WARN_NON_LITERAL_NULL_CONVERSION = YES;
				CLANG_WARN_OBJC_IMPLICIT_RETAIN_SELF = YES;
				CLANG_WARN_OBJC_LITERAL_CONVERSION = YES;
				CLANG_WARN_OBJC_ROOT_CLASS = YES_ERROR;
				CLANG_WARN_QUOTED_INCLUDE_IN_FRAMEWORK_HEADER = YES;
				CLANG_WARN_RANGE_LOOP_ANALYSIS = YES;
				CLANG_WARN_STRICT_PROTOTYPES = YES;
				CLANG_WARN_SUSPICIOUS_MOVE = YES;
				CLANG_WARN_UNGUARDED_AVAILABILITY = YES_AGGRESSIVE;
				CLANG_WARN_UNREACHABLE_CODE = YES;
				CLANG_WARN__DUPLICATE_METHOD_MATCH = YES;
				COPY_PHASE_STRIP = NO;
				DEBUG_INFORMATION_FORMAT = dwarf;
				ENABLE_STRICT_OBJC_MSGSEND = YES;
				ENABLE_TESTABILITY = YES;
				GCC_C_LANGUAGE_STANDARD = gnu11;
				GCC_DYNAMIC_NO_PIC = NO;
				GCC_NO_COMMON_BLOCKS = YES;
				GCC_OPTIMIZATION_LEVEL = 0;
				GCC_PREPROCESSOR_DEFINITIONS = (
					"DEBUG=1",
					"$(inherited)",
				);
				GCC_WARN_64_TO_32_BIT_CONVERSION = YES;
				GCC_WARN_ABOUT_RETURN_TYPE = YES_ERROR;
				GCC_WARN_UNDECLARED_SELECTOR = YES;
				GCC_WARN_UNINITIALIZED_AUTOS = YES_AGGRESSIVE;
				GCC_WARN_UNUSED_FUNCTION = YES;
				GCC_WARN_UNUSED_VARIABLE = YES;
				IPHONEOS_DEPLOYMENT_TARGET = 16.0;
				MTL_ENABLE_DEBUG_INFO = INCLUDE_SOURCE;
				MTL_FAST_MATH = YES;
				ONLY_ACTIVE_ARCH = YES;
				SDKROOT = iphoneos;
				SWIFT_ACTIVE_COMPILATION_CONDITIONS = DEBUG;
				SWIFT_OPTIMIZATION_LEVEL = "-Onone";
			};
			name = Debug;
		};
		FA934CC129A5752700FC881D /* Release */ = {
			isa = XCBuildConfiguration;
			buildSettings = {
				ALWAYS_SEARCH_USER_PATHS = NO;
				CLANG_ANALYZER_NONNULL = YES;
				CLANG_ANALYZER_NUMBER_OBJECT_CONVERSION = YES_AGGRESSIVE;
				CLANG_CXX_LANGUAGE_STANDARD = "gnu++20";
				CLANG_ENABLE_MODULES = YES;
				CLANG_ENABLE_OBJC_ARC = YES;
				CLANG_ENABLE_OBJC_WEAK = YES;
				CLANG_WARN_BLOCK_CAPTURE_AUTORELEASING = YES;
				CLANG_WARN_BOOL_CONVERSION = YES;
				CLANG_WARN_COMMA = YES;
				CLANG_WARN_CONSTANT_CONVERSION = YES;
				CLANG_WARN_DEPRECATED_OBJC_IMPLEMENTATIONS = YES;
				CLANG_WARN_DIRECT_OBJC_ISA_USAGE = YES_ERROR;
				CLANG_WARN_DOCUMENTATION_COMMENTS = YES;
				CLANG_WARN_EMPTY_BODY = YES;
				CLANG_WARN_ENUM_CONVERSION = YES;
				CLANG_WARN_INFINITE_RECURSION = YES;
				CLANG_WARN_INT_CONVERSION = YES;
				CLANG_WARN_NON_LITERAL_NULL_CONVERSION = YES;
				CLANG_WARN_OBJC_IMPLICIT_RETAIN_SELF = YES;
				CLANG_WARN_OBJC_LITERAL_CONVERSION = YES;
				CLANG_WARN_OBJC_ROOT_CLASS = YES_ERROR;
				CLANG_WARN_QUOTED_INCLUDE_IN_FRAMEWORK_HEADER = YES;
				CLANG_WARN_RANGE_LOOP_ANALYSIS = YES;
				CLANG_WARN_STRICT_PROTOTYPES = YES;
				CLANG_WARN_SUSPICIOUS_MOVE = YES;
				CLANG_WARN_UNGUARDED_AVAILABILITY = YES_AGGRESSIVE;
				CLANG_WARN_UNREACHABLE_CODE = YES;
				CLANG_WARN__DUPLICATE_METHOD_MATCH = YES;
				COPY_PHASE_STRIP = NO;
				DEBUG_INFORMATION_FORMAT = "dwarf-with-dsym";
				ENABLE_NS_ASSERTIONS = NO;
				ENABLE_STRICT_OBJC_MSGSEND = YES;
				GCC_C_LANGUAGE_STANDARD = gnu11;
				GCC_NO_COMMON_BLOCKS = YES;
				GCC_WARN_64_TO_32_BIT_CONVERSION = YES;
				GCC_WARN_ABOUT_RETURN_TYPE = YES_ERROR;
				GCC_WARN_UNDECLARED_SELECTOR = YES;
				GCC_WARN_UNINITIALIZED_AUTOS = YES_AGGRESSIVE;
				GCC_WARN_UNUSED_FUNCTION = YES;
				GCC_WARN_UNUSED_VARIABLE = YES;
				IPHONEOS_DEPLOYMENT_TARGET = 16.0;
				MTL_ENABLE_DEBUG_INFO = NO;
				MTL_FAST_MATH = YES;
				SDKROOT = iphoneos;
				SWIFT_COMPILATION_MODE = wholemodule;
				SWIFT_OPTIMIZATION_LEVEL = "-O";
				VALIDATE_PRODUCT = YES;
			};
			name = Release;
		};
		FA934CC329A5752700FC881D /* Debug */ = {
			isa = XCBuildConfiguration;
			buildSettings = {
				ASSETCATALOG_COMPILER_APPICON_NAME = AppIcon;
				ASSETCATALOG_COMPILER_GLOBAL_ACCENT_COLOR_NAME = AccentColor;
				CODE_SIGN_STYLE = Automatic;
				CURRENT_PROJECT_VERSION = 1;
				DEVELOPMENT_TEAM = Z4PKJ57KTJ;
				GENERATE_INFOPLIST_FILE = YES;
				INFOPLIST_FILE = VideoProGitHub2/Info.plist;
				INFOPLIST_KEY_UIApplicationSupportsIndirectInputEvents = YES;
				INFOPLIST_KEY_UILaunchStoryboardName = LaunchScreen;
				INFOPLIST_KEY_UIMainStoryboardFile = Main;
				INFOPLIST_KEY_UISupportedInterfaceOrientations_iPad = "UIInterfaceOrientationPortrait UIInterfaceOrientationPortraitUpsideDown UIInterfaceOrientationLandscapeLeft UIInterfaceOrientationLandscapeRight";
				INFOPLIST_KEY_UISupportedInterfaceOrientations_iPhone = "UIInterfaceOrientationPortrait UIInterfaceOrientationLandscapeLeft UIInterfaceOrientationLandscapeRight";
				LD_RUNPATH_SEARCH_PATHS = (
					"$(inherited)",
					"@executable_path/Frameworks",
				);
				MARKETING_VERSION = 1.0;
				PRODUCT_BUNDLE_IDENTIFIER = com.valentin.VideoProGitHub2;
				PRODUCT_NAME = "$(TARGET_NAME)";
				SWIFT_EMIT_LOC_STRINGS = YES;
				SWIFT_VERSION = 5.0;
				TARGETED_DEVICE_FAMILY = "1,2";
			};
			name = Debug;
		};
		FA934CC429A5752700FC881D /* Release */ = {
			isa = XCBuildConfiguration;
			buildSettings = {
				ASSETCATALOG_COMPILER_APPICON_NAME = AppIcon;
				ASSETCATALOG_COMPILER_GLOBAL_ACCENT_COLOR_NAME = AccentColor;
				CODE_SIGN_STYLE = Automatic;
				CURRENT_PROJECT_VERSION = 1;
				DEVELOPMENT_TEAM = Z4PKJ57KTJ;
				GENERATE_INFOPLIST_FILE = YES;
				INFOPLIST_FILE = VideoProGitHub2/Info.plist;
				INFOPLIST_KEY_UIApplicationSupportsIndirectInputEvents = YES;
				INFOPLIST_KEY_UILaunchStoryboardName = LaunchScreen;
				INFOPLIST_KEY_UIMainStoryboardFile = Main;
				INFOPLIST_KEY_UISupportedInterfaceOrientations_iPad = "UIInterfaceOrientationPortrait UIInterfaceOrientationPortraitUpsideDown UIInterfaceOrientationLandscapeLeft UIInterfaceOrientationLandscapeRight";
				INFOPLIST_KEY_UISupportedInterfaceOrientations_iPhone = "UIInterfaceOrientationPortrait UIInterfaceOrientationLandscapeLeft UIInterfaceOrientationLandscapeRight";
				LD_RUNPATH_SEARCH_PATHS = (
					"$(inherited)",
					"@executable_path/Frameworks",
				);
				MARKETING_VERSION = 1.0;
				PRODUCT_BUNDLE_IDENTIFIER = com.valentin.VideoProGitHub2;
				PRODUCT_NAME = "$(TARGET_NAME)";
				SWIFT_EMIT_LOC_STRINGS = YES;
				SWIFT_VERSION = 5.0;
				TARGETED_DEVICE_FAMILY = "1,2";
			};
			name = Release;
		};
		FA934CC629A5752700FC881D /* Debug */ = {
			isa = XCBuildConfiguration;
			buildSettings = {
				ALWAYS_EMBED_SWIFT_STANDARD_LIBRARIES = YES;
				BUNDLE_LOADER = "$(TEST_HOST)";
				CODE_SIGN_STYLE = Automatic;
				CURRENT_PROJECT_VERSION = 1;
				DEVELOPMENT_TEAM = Z4PKJ57KTJ;
				GENERATE_INFOPLIST_FILE = YES;
				IPHONEOS_DEPLOYMENT_TARGET = 16.0;
				MARKETING_VERSION = 1.0;
				PRODUCT_BUNDLE_IDENTIFIER = com.valentin.VideoProGitHub2Tests;
				PRODUCT_NAME = "$(TARGET_NAME)";
				SWIFT_EMIT_LOC_STRINGS = NO;
				SWIFT_VERSION = 5.0;
				TARGETED_DEVICE_FAMILY = "1,2";
				TEST_HOST = "$(BUILT_PRODUCTS_DIR)/VideoProGitHub2.app/$(BUNDLE_EXECUTABLE_FOLDER_PATH)/VideoProGitHub2";
			};
			name = Debug;
		};
		FA934CC729A5752700FC881D /* Release */ = {
			isa = XCBuildConfiguration;
			buildSettings = {
				ALWAYS_EMBED_SWIFT_STANDARD_LIBRARIES = YES;
				BUNDLE_LOADER = "$(TEST_HOST)";
				CODE_SIGN_STYLE = Automatic;
				CURRENT_PROJECT_VERSION = 1;
				DEVELOPMENT_TEAM = Z4PKJ57KTJ;
				GENERATE_INFOPLIST_FILE = YES;
				IPHONEOS_DEPLOYMENT_TARGET = 16.0;
				MARKETING_VERSION = 1.0;
				PRODUCT_BUNDLE_IDENTIFIER = com.valentin.VideoProGitHub2Tests;
				PRODUCT_NAME = "$(TARGET_NAME)";
				SWIFT_EMIT_LOC_STRINGS = NO;
				SWIFT_VERSION = 5.0;
				TARGETED_DEVICE_FAMILY = "1,2";
				TEST_HOST = "$(BUILT_PRODUCTS_DIR)/VideoProGitHub2.app/$(BUNDLE_EXECUTABLE_FOLDER_PATH)/VideoProGitHub2";
			};
			name = Release;
		};
		FA934CC929A5752700FC881D /* Debug */ = {
			isa = XCBuildConfiguration;
			buildSettings = {
				ALWAYS_EMBED_SWIFT_STANDARD_LIBRARIES = YES;
				CODE_SIGN_STYLE = Automatic;
				CURRENT_PROJECT_VERSION = 1;
				DEVELOPMENT_TEAM = Z4PKJ57KTJ;
				GENERATE_INFOPLIST_FILE = YES;
				MARKETING_VERSION = 1.0;
				PRODUCT_BUNDLE_IDENTIFIER = com.valentin.VideoProGitHub2UITests;
				PRODUCT_NAME = "$(TARGET_NAME)";
				SWIFT_EMIT_LOC_STRINGS = NO;
				SWIFT_VERSION = 5.0;
				TARGETED_DEVICE_FAMILY = "1,2";
				TEST_TARGET_NAME = VideoProGitHub2;
			};
			name = Debug;
		};
		FA934CCA29A5752700FC881D /* Release */ = {
			isa = XCBuildConfiguration;
			buildSettings = {
				ALWAYS_EMBED_SWIFT_STANDARD_LIBRARIES = YES;
				CODE_SIGN_STYLE = Automatic;
				CURRENT_PROJECT_VERSION = 1;
				DEVELOPMENT_TEAM = Z4PKJ57KTJ;
				GENERATE_INFOPLIST_FILE = YES;
				MARKETING_VERSION = 1.0;
				PRODUCT_BUNDLE_IDENTIFIER = com.valentin.VideoProGitHub2UITests;
				PRODUCT_NAME = "$(TARGET_NAME)";
				SWIFT_EMIT_LOC_STRINGS = NO;
				SWIFT_VERSION = 5.0;
				TARGETED_DEVICE_FAMILY = "1,2";
				TEST_TARGET_NAME = VideoProGitHub2;
			};
			name = Release;
		};
/* End XCBuildConfiguration section */

/* Begin XCConfigurationList section */
		FA934C9029A5752500FC881D /* Build configuration list for PBXProject "VideoProGitHub2" */ = {
			isa = XCConfigurationList;
			buildConfigurations = (
				FA934CC029A5752700FC881D /* Debug */,
				FA934CC129A5752700FC881D /* Release */,
			);
			defaultConfigurationIsVisible = 0;
			defaultConfigurationName = Release;
		};
		FA934CC229A5752700FC881D /* Build configuration list for PBXNativeTarget "VideoProGitHub2" */ = {
			isa = XCConfigurationList;
			buildConfigurations = (
				FA934CC329A5752700FC881D /* Debug */,
				FA934CC429A5752700FC881D /* Release */,
			);
			defaultConfigurationIsVisible = 0;
			defaultConfigurationName = Release;
		};
		FA934CC529A5752700FC881D /* Build configuration list for PBXNativeTarget "VideoProGitHub2Tests" */ = {
			isa = XCConfigurationList;
			buildConfigurations = (
				FA934CC629A5752700FC881D /* Debug */,
				FA934CC729A5752700FC881D /* Release */,
			);
			defaultConfigurationIsVisible = 0;
			defaultConfigurationName = Release;
		};
		FA934CC829A5752700FC881D /* Build configuration list for PBXNativeTarget "VideoProGitHub2UITests" */ = {
			isa = XCConfigurationList;
			buildConfigurations = (
				FA934CC929A5752700FC881D /* Debug */,
				FA934CCA29A5752700FC881D /* Release */,
			);
			defaultConfigurationIsVisible = 0;
			defaultConfigurationName = Release;
		};
/* End XCConfigurationList section */

/* Begin XCVersionGroup section */
		FA934CA129A5752600FC881D /* VideoProGitHub2.xcdatamodeld */ = {
			isa = XCVersionGroup;
			children = (
				FA934CA229A5752600FC881D /* VideoProGitHub2.xcdatamodel */,
			);
			currentVersion = FA934CA229A5752600FC881D /* VideoProGitHub2.xcdatamodel */;
			path = VideoProGitHub2.xcdatamodeld;
			sourceTree = "<group>";
			versionGroupType = wrapper.xcdatamodel;
		};
/* End XCVersionGroup section */
	};
	rootObject = FA934C8D29A5752500FC881D /* Project object */;
}
